// !$*UTF8*$!
{
	archiveVersion = 1;
	classes = {
	};
	objectVersion = 46;
	objects = {

/* Begin PBXAggregateTarget section */
		94981F2A3ED26BA6B2885C98 /* ALL_BUILD */ = {
			isa = PBXAggregateTarget;
			buildConfigurationList = 66DFF933C376442CA80C13DA /* Build configuration list for PBXAggregateTarget "ALL_BUILD" */;
			buildPhases = (
				A31B35CE6D3B547BC5A10EAA /* Generate CMakeFiles/ALL_BUILD */,
			);
			dependencies = (
				CC456231F4C2420F9DCDB419 /* PBXTargetDependency */,
				DE82804689C046CA8D28921D /* PBXTargetDependency */,
			);
			name = ALL_BUILD;
			productName = ALL_BUILD;
		};
		E94A21D4550348E1F655EF33 /* ZERO_CHECK */ = {
			isa = PBXAggregateTarget;
			buildConfigurationList = 0767FE3E23904EE9906E44CA /* Build configuration list for PBXAggregateTarget "ZERO_CHECK" */;
			buildPhases = (
				54831A358DE73CCB9CAB3593 /* Generate CMakeFiles/ZERO_CHECK */,
			);
			dependencies = (
			);
			name = ZERO_CHECK;
			productName = ZERO_CHECK;
		};
		EB24290AC0BA37BCC60DB8FF /* Vulkan_Learn_shader */ = {
			isa = PBXAggregateTarget;
			buildConfigurationList = E11DBB61368943349004EDD9 /* Build configuration list for PBXAggregateTarget "Vulkan_Learn_shader" */;
			buildPhases = (
				7A14D2C0C220656DF376384B /* Generate shaders */,
				2BB0ECE7DF3A240ECF3E83C2 /* Generate shaders/compute.spv */,
				4911CF29A5D4E33A68D38108 /* Generate shaders/shader.spv */,
				78F06C3BD8A36AF07B5C6D91 /* Generate CMakeFiles/Vulkan_Learn_shader */,
			);
			dependencies = (
				D85EC9EA2EA843AD8162629B /* PBXTargetDependency */,
			);
			name = Vulkan_Learn_shader;
			productName = Vulkan_Learn_shader;
		};
/* End PBXAggregateTarget section */

/* Begin PBXBuildFile section */
		0AEABA6EE4584C9BA4F2059F /* /Users/huyprowow/Documents/Vulkan_practice/Vulkan_BaseSetup_test/src/render/vulkan/VulkanMemory.cpp */ = {isa = PBXBuildFile; fileRef = AADA8497872B45B197682771 /* /Users/huyprowow/Documents/Vulkan_practice/Vulkan_BaseSetup_test/src/render/vulkan/VulkanMemory.cpp */; };
		211EE01668FC4B31B38F25E1 /* /Users/huyprowow/Documents/Vulkan_practice/Vulkan_BaseSetup_test/build_xcode_ios/shaders/compute.spv */ = {isa = PBXBuildFile; fileRef = 52FBE825BA2C4C56BDA2B820 /* /Users/huyprowow/Documents/Vulkan_practice/Vulkan_BaseSetup_test/build_xcode_ios/shaders/compute.spv */; };
		4652A5B9B708485182D97980 /* /Users/huyprowow/Documents/Vulkan_practice/Vulkan_BaseSetup_test/ios/iOSApp.mm */ = {isa = PBXBuildFile; fileRef = 72610E800F3E47B5B8F91949 /* /Users/huyprowow/Documents/Vulkan_practice/Vulkan_BaseSetup_test/ios/iOSApp.mm */; };
		5105A8120D764D9FB85AC1B7 /* /Users/huyprowow/Documents/Vulkan_practice/Vulkan_BaseSetup_test/src/platform/ios/IOSWindow.mm */ = {isa = PBXBuildFile; fileRef = 82198F45E5284DFAABFEB6CF /* /Users/huyprowow/Documents/Vulkan_practice/Vulkan_BaseSetup_test/src/platform/ios/IOSWindow.mm */; };
		54B53740702B4AFA9354FA93 /* /Users/huyprowow/Documents/Vulkan_practice/Vulkan_BaseSetup_test/build_xcode_ios/CMakeFiles/Vulkan_Learn.dir/Info.plist */ = {isa = PBXBuildFile; fileRef = A3CB1CD115E247DA86034889 /* /Users/huyprowow/Documents/Vulkan_practice/Vulkan_BaseSetup_test/build_xcode_ios/CMakeFiles/Vulkan_Learn.dir/Info.plist */; };
		5BB6A07D379A4063B2DDE854 /* /Users/huyprowow/Documents/Vulkan_practice/Vulkan_BaseSetup_test/src/render/vulkan/VulkanDevice.cpp */ = {isa = PBXBuildFile; fileRef = B6E482A35F8E42909F4C61A3 /* /Users/huyprowow/Documents/Vulkan_practice/Vulkan_BaseSetup_test/src/render/vulkan/VulkanDevice.cpp */; };
		60B00C8C6A5D40918353BAA2 /* /Users/huyprowow/Documents/Vulkan_practice/Vulkan_BaseSetup_test/build_xcode_ios/shaders.rule */ = {isa = PBXBuildFile; fileRef = CD64B02EC2094210BDA7D77C /* /Users/huyprowow/Documents/Vulkan_practice/Vulkan_BaseSetup_test/build_xcode_ios/shaders.rule */; };
		66007E6199034B60BB8030EE /* /Users/huyprowow/VulkanSDK/1.4.341.1/iOS/lib/vulkan.framework */ = {isa = PBXBuildFile; fileRef = E6E2B781DF8D4B05B1173692 /* /Users/huyprowow/VulkanSDK/1.4.341.1/iOS/lib/vulkan.framework */; };
		66E3EB1607324C3E9612AB96 /* /Users/huyprowow/Documents/Vulkan_practice/Vulkan_BaseSetup_test/build_xcode_ios/shaders/compute.spv.rule */ = {isa = PBXBuildFile; fileRef = 7794F0854D4E4CE48C007969 /* /Users/huyprowow/Documents/Vulkan_practice/Vulkan_BaseSetup_test/build_xcode_ios/shaders/compute.spv.rule */; };
		6D792BB3BD664E18B5A199AF /* /Users/huyprowow/Documents/Vulkan_practice/Vulkan_BaseSetup_test/src/render/vulkan/VulkanSwapchain.cpp */ = {isa = PBXBuildFile; fileRef = A328AD2D6D424313BC01A5C9 /* /Users/huyprowow/Documents/Vulkan_practice/Vulkan_BaseSetup_test/src/render/vulkan/VulkanSwapchain.cpp */; };
		6FB545C639CD43B28D7ACECE /* /Users/huyprowow/Documents/Vulkan_practice/Vulkan_BaseSetup_test/src/render/vulkan/ThreadCommandPool.cpp */ = {isa = PBXBuildFile; fileRef = FD59F55EDF0D4909A68FC426 /* /Users/huyprowow/Documents/Vulkan_practice/Vulkan_BaseSetup_test/src/render/vulkan/ThreadCommandPool.cpp */; };
		70EF203434B1416081C436B4 /* /Users/huyprowow/Documents/Vulkan_practice/Vulkan_BaseSetup_test/src/render/vulkan/VulkanScene.cpp */ = {isa = PBXBuildFile; fileRef = 2CEBCF59685144159DA156B6 /* /Users/huyprowow/Documents/Vulkan_practice/Vulkan_BaseSetup_test/src/render/vulkan/VulkanScene.cpp */; };
		754EB5462370465BBDE63D13 /* /Users/huyprowow/Documents/Vulkan_practice/Vulkan_BaseSetup_test/src/render/vulkan/VulkanTexture.cpp */ = {isa = PBXBuildFile; fileRef = 016B732D5FDE45AFB230BFD3 /* /Users/huyprowow/Documents/Vulkan_practice/Vulkan_BaseSetup_test/src/render/vulkan/VulkanTexture.cpp */; };
		857B6AA7036B43FBBC64ACE7 /* /Users/huyprowow/Documents/Vulkan_practice/Vulkan_BaseSetup_test/src/render/vulkan/MeshData.cpp */ = {isa = PBXBuildFile; fileRef = 6596D041E8C343AA8EE5F0BF /* /Users/huyprowow/Documents/Vulkan_practice/Vulkan_BaseSetup_test/src/render/vulkan/MeshData.cpp */; };
		960CA63FDABD48C2B1FFBD9D /* /Users/huyprowow/Documents/Vulkan_practice/Vulkan_BaseSetup_test/src/render/vulkan/VulkanParticleSystem.cpp */ = {isa = PBXBuildFile; fileRef = 88042462196F467596B0FCEE /* /Users/huyprowow/Documents/Vulkan_practice/Vulkan_BaseSetup_test/src/render/vulkan/VulkanParticleSystem.cpp */; };
		9E5FF42160EF416F972E5E6C /* /Users/huyprowow/Documents/Vulkan_practice/Vulkan_BaseSetup_test/src/render/vulkan/VulkanInstance.cpp */ = {isa = PBXBuildFile; fileRef = 8876ACD5210A488DBB43B7C4 /* /Users/huyprowow/Documents/Vulkan_practice/Vulkan_BaseSetup_test/src/render/vulkan/VulkanInstance.cpp */; };
		A0C287AE4CA14A2F913ABB23 /* /Users/huyprowow/Documents/Vulkan_practice/Vulkan_BaseSetup_test/CMakeLists.txt */ = {isa = PBXBuildFile; fileRef = 8D0484C25099498A8F6888D6 /* /Users/huyprowow/Documents/Vulkan_practice/Vulkan_BaseSetup_test/CMakeLists.txt */; };
		BDC550D4DDAC4988B3E96741 /* /Users/huyprowow/Documents/Vulkan_practice/Vulkan_BaseSetup_test/assets/models/viking_room.glb */ = {isa = PBXBuildFile; fileRef = FCB7F3AB07A347BA8BF83171 /* /Users/huyprowow/Documents/Vulkan_practice/Vulkan_BaseSetup_test/assets/models/viking_room.glb */; };
		CD69EA36ED24450FAD7D8CDF /* /Users/huyprowow/Documents/Vulkan_practice/Vulkan_BaseSetup_test/build_xcode_ios/shaders/shader.spv.rule */ = {isa = PBXBuildFile; fileRef = 8BC8FE73433D4059ACC02833 /* /Users/huyprowow/Documents/Vulkan_practice/Vulkan_BaseSetup_test/build_xcode_ios/shaders/shader.spv.rule */; };
		D72E654C4D6E4972A63B0E13 /* /Users/huyprowow/Documents/Vulkan_practice/Vulkan_BaseSetup_test/src/render/vulkan/VulkanRenderer.cpp */ = {isa = PBXBuildFile; fileRef = B7BA41DA00394172B0051BA1 /* /Users/huyprowow/Documents/Vulkan_practice/Vulkan_BaseSetup_test/src/render/vulkan/VulkanRenderer.cpp */; };
		DF8B950724AC41A49482079E /* /Users/huyprowow/Documents/Vulkan_practice/Vulkan_BaseSetup_test/src/render/vulkan/VulkanModel.cpp */ = {isa = PBXBuildFile; fileRef = 951ADB3A5C1E44ECAD6EE6BC /* /Users/huyprowow/Documents/Vulkan_practice/Vulkan_BaseSetup_test/src/render/vulkan/VulkanModel.cpp */; };
		EB59A775DD864BADAE0258DC /* /Users/huyprowow/Documents/Vulkan_practice/Vulkan_BaseSetup_test/build_xcode_ios/shaders/shader.spv */ = {isa = PBXBuildFile; fileRef = C53B105C6CF44CA29C48B7AC /* /Users/huyprowow/Documents/Vulkan_practice/Vulkan_BaseSetup_test/build_xcode_ios/shaders/shader.spv */; };
		EC6378D065044B809DF98FDD /* /Users/huyprowow/Documents/Vulkan_practice/Vulkan_BaseSetup_test/assets/textures/viking_room.ktx2 */ = {isa = PBXBuildFile; fileRef = B2E807A8C7AA49818A188167 /* /Users/huyprowow/Documents/Vulkan_practice/Vulkan_BaseSetup_test/assets/textures/viking_room.ktx2 */; };
/* End PBXBuildFile section */

/* Begin PBXBuildStyle section */
		CC6E900ECAB8463FA2CBCCC1 /* Debug */ = {
			isa = PBXBuildStyle;
			buildSettings = {
				COPY_PHASE_STRIP = NO;
			};
			name = Debug;
		};
		DD3557B5D94C41C394D0BE64 /* MinSizeRel */ = {
			isa = PBXBuildStyle;
			buildSettings = {
				COPY_PHASE_STRIP = NO;
			};
			name = MinSizeRel;
		};
		EC9ADD212D864E7683F9928A /* Release */ = {
			isa = PBXBuildStyle;
			buildSettings = {
				COPY_PHASE_STRIP = NO;
			};
			name = Release;
		};
		ED743EB77086478FB848C947 /* RelWithDebInfo */ = {
			isa = PBXBuildStyle;
			buildSettings = {
				COPY_PHASE_STRIP = NO;
			};
			name = RelWithDebInfo;
		};
/* End PBXBuildStyle section */

/* Begin PBXContainerItemProxy section */
		5C679C26C9554BEA8B3AE515 /* PBXContainerItemProxy */ = {
			isa = PBXContainerItemProxy;
			containerPortal = 97C3539909EA4948869DFF7F /* Project object */;
			proxyType = 1;
			remoteGlobalIDString = E94A21D4550348E1F655EF33;
			remoteInfo = ZERO_CHECK;
		};
		96565DA7CED644A8B66BB44D /* PBXContainerItemProxy */ = {
			isa = PBXContainerItemProxy;
			containerPortal = 97C3539909EA4948869DFF7F /* Project object */;
			proxyType = 1;
			remoteGlobalIDString = DD29A56EE9A78E99D34B4779;
			remoteInfo = Vulkan_Learn;
		};
		C1DD099D4D064A11ABB61148 /* PBXContainerItemProxy */ = {
			isa = PBXContainerItemProxy;
			containerPortal = 97C3539909EA4948869DFF7F /* Project object */;
			proxyType = 1;
			remoteGlobalIDString = E94A21D4550348E1F655EF33;
			remoteInfo = ZERO_CHECK;
		};
		D408F6D7D3CF4CC0B4EBA1A3 /* PBXContainerItemProxy */ = {
			isa = PBXContainerItemProxy;
			containerPortal = 97C3539909EA4948869DFF7F /* Project object */;
			proxyType = 1;
			remoteGlobalIDString = E94A21D4550348E1F655EF33;
			remoteInfo = ZERO_CHECK;
		};
		D8A4E8A3B57245818211962F /* PBXContainerItemProxy */ = {
			isa = PBXContainerItemProxy;
			containerPortal = 97C3539909EA4948869DFF7F /* Project object */;
			proxyType = 1;
			remoteGlobalIDString = EB24290AC0BA37BCC60DB8FF;
			remoteInfo = Vulkan_Learn_shader;
		};
/* End PBXContainerItemProxy section */

/* Begin PBXFileReference section */
		016B732D5FDE45AFB230BFD3 /* /Users/huyprowow/Documents/Vulkan_practice/Vulkan_BaseSetup_test/src/render/vulkan/VulkanTexture.cpp */ = {isa = PBXFileReference; explicitFileType = sourcecode.cpp.cpp; fileEncoding = 4; name = VulkanTexture.cpp; path = src/render/vulkan/VulkanTexture.cpp; sourceTree = SOURCE_ROOT; };
		2CEBCF59685144159DA156B6 /* /Users/huyprowow/Documents/Vulkan_practice/Vulkan_BaseSetup_test/src/render/vulkan/VulkanScene.cpp */ = {isa = PBXFileReference; explicitFileType = sourcecode.cpp.cpp; fileEncoding = 4; name = VulkanScene.cpp; path = src/render/vulkan/VulkanScene.cpp; sourceTree = SOURCE_ROOT; };
		52FBE825BA2C4C56BDA2B820 /* /Users/huyprowow/Documents/Vulkan_practice/Vulkan_BaseSetup_test/build_xcode_ios/shaders/compute.spv */ = {isa = PBXFileReference; explicitFileType = default; fileEncoding = 4; name = compute.spv; path = build_xcode_ios/shaders/compute.spv; sourceTree = SOURCE_ROOT; };
		6596D041E8C343AA8EE5F0BF /* /Users/huyprowow/Documents/Vulkan_practice/Vulkan_BaseSetup_test/src/render/vulkan/MeshData.cpp */ = {isa = PBXFileReference; explicitFileType = sourcecode.cpp.cpp; fileEncoding = 4; name = MeshData.cpp; path = src/render/vulkan/MeshData.cpp; sourceTree = SOURCE_ROOT; };
		72610E800F3E47B5B8F91949 /* /Users/huyprowow/Documents/Vulkan_practice/Vulkan_BaseSetup_test/ios/iOSApp.mm */ = {isa = PBXFileReference; explicitFileType = sourcecode.cpp.objcpp; fileEncoding = 4; name = iOSApp.mm; path = ios/iOSApp.mm; sourceTree = SOURCE_ROOT; };
		7794F0854D4E4CE48C007969 /* /Users/huyprowow/Documents/Vulkan_practice/Vulkan_BaseSetup_test/build_xcode_ios/shaders/compute.spv.rule */ = {isa = PBXFileReference; explicitFileType = default; fileEncoding = 4; name = compute.spv.rule; path = build_xcode_ios/shaders/compute.spv.rule; sourceTree = SOURCE_ROOT; };
		82198F45E5284DFAABFEB6CF /* /Users/huyprowow/Documents/Vulkan_practice/Vulkan_BaseSetup_test/src/platform/ios/IOSWindow.mm */ = {isa = PBXFileReference; explicitFileType = sourcecode.cpp.objcpp; fileEncoding = 4; name = IOSWindow.mm; path = src/platform/ios/IOSWindow.mm; sourceTree = SOURCE_ROOT; };
		88042462196F467596B0FCEE /* /Users/huyprowow/Documents/Vulkan_practice/Vulkan_BaseSetup_test/src/render/vulkan/VulkanParticleSystem.cpp */ = {isa = PBXFileReference; explicitFileType = sourcecode.cpp.cpp; fileEncoding = 4; name = VulkanParticleSystem.cpp; path = src/render/vulkan/VulkanParticleSystem.cpp; sourceTree = SOURCE_ROOT; };
		8876ACD5210A488DBB43B7C4 /* /Users/huyprowow/Documents/Vulkan_practice/Vulkan_BaseSetup_test/src/render/vulkan/VulkanInstance.cpp */ = {isa = PBXFileReference; explicitFileType = sourcecode.cpp.cpp; fileEncoding = 4; name = VulkanInstance.cpp; path = src/render/vulkan/VulkanInstance.cpp; sourceTree = SOURCE_ROOT; };
		8BC8FE73433D4059ACC02833 /* /Users/huyprowow/Documents/Vulkan_practice/Vulkan_BaseSetup_test/build_xcode_ios/shaders/shader.spv.rule */ = {isa = PBXFileReference; explicitFileType = default; fileEncoding = 4; name = shader.spv.rule; path = build_xcode_ios/shaders/shader.spv.rule; sourceTree = SOURCE_ROOT; };
		8D0484C25099498A8F6888D6 /* /Users/huyprowow/Documents/Vulkan_practice/Vulkan_BaseSetup_test/CMakeLists.txt */ = {isa = PBXFileReference; explicitFileType = sourcecode.text; fileEncoding = 4; name = CMakeLists.txt; path = CMakeLists.txt; sourceTree = SOURCE_ROOT; };
		951ADB3A5C1E44ECAD6EE6BC /* /Users/huyprowow/Documents/Vulkan_practice/Vulkan_BaseSetup_test/src/render/vulkan/VulkanModel.cpp */ = {isa = PBXFileReference; explicitFileType = sourcecode.cpp.cpp; fileEncoding = 4; name = VulkanModel.cpp; path = src/render/vulkan/VulkanModel.cpp; sourceTree = SOURCE_ROOT; };
		A328AD2D6D424313BC01A5C9 /* /Users/huyprowow/Documents/Vulkan_practice/Vulkan_BaseSetup_test/src/render/vulkan/VulkanSwapchain.cpp */ = {isa = PBXFileReference; explicitFileType = sourcecode.cpp.cpp; fileEncoding = 4; name = VulkanSwapchain.cpp; path = src/render/vulkan/VulkanSwapchain.cpp; sourceTree = SOURCE_ROOT; };
		A3CB1CD115E247DA86034889 /* /Users/huyprowow/Documents/Vulkan_practice/Vulkan_BaseSetup_test/build_xcode_ios/CMakeFiles/Vulkan_Learn.dir/Info.plist */ = {isa = PBXFileReference; explicitFileType = sourcecode.text.plist; fileEncoding = 4; name = Info.plist; path = build_xcode_ios/CMakeFiles/Vulkan_Learn.dir/Info.plist; sourceTree = SOURCE_ROOT; };
		A76CF66F3B3142D99D9A2DBC /* /Users/huyprowow/Documents/Vulkan_practice/Vulkan_BaseSetup_test/CMakeLists.txt */ = {isa = PBXFileReference; explicitFileType = sourcecode.text; fileEncoding = 4; name = CMakeLists.txt; path = CMakeLists.txt; sourceTree = SOURCE_ROOT; };
		AADA8497872B45B197682771 /* /Users/huyprowow/Documents/Vulkan_practice/Vulkan_BaseSetup_test/src/render/vulkan/VulkanMemory.cpp */ = {isa = PBXFileReference; explicitFileType = sourcecode.cpp.cpp; fileEncoding = 4; name = VulkanMemory.cpp; path = src/render/vulkan/VulkanMemory.cpp; sourceTree = SOURCE_ROOT; };
		B2E807A8C7AA49818A188167 /* /Users/huyprowow/Documents/Vulkan_practice/Vulkan_BaseSetup_test/assets/textures/viking_room.ktx2 */ = {isa = PBXFileReference; explicitFileType = default; fileEncoding = 4; name = viking_room.ktx2; path = assets/textures/viking_room.ktx2; sourceTree = SOURCE_ROOT; };
		B6E482A35F8E42909F4C61A3 /* /Users/huyprowow/Documents/Vulkan_practice/Vulkan_BaseSetup_test/src/render/vulkan/VulkanDevice.cpp */ = {isa = PBXFileReference; explicitFileType = sourcecode.cpp.cpp; fileEncoding = 4; name = VulkanDevice.cpp; path = src/render/vulkan/VulkanDevice.cpp; sourceTree = SOURCE_ROOT; };
		B7BA41DA00394172B0051BA1 /* /Users/huyprowow/Documents/Vulkan_practice/Vulkan_BaseSetup_test/src/render/vulkan/VulkanRenderer.cpp */ = {isa = PBXFileReference; explicitFileType = sourcecode.cpp.cpp; fileEncoding = 4; name = VulkanRenderer.cpp; path = src/render/vulkan/VulkanRenderer.cpp; sourceTree = SOURCE_ROOT; };
		C53B105C6CF44CA29C48B7AC /* /Users/huyprowow/Documents/Vulkan_practice/Vulkan_BaseSetup_test/build_xcode_ios/shaders/shader.spv */ = {isa = PBXFileReference; explicitFileType = default; fileEncoding = 4; name = shader.spv; path = build_xcode_ios/shaders/shader.spv; sourceTree = SOURCE_ROOT; };
		CD64B02EC2094210BDA7D77C /* /Users/huyprowow/Documents/Vulkan_practice/Vulkan_BaseSetup_test/build_xcode_ios/shaders.rule */ = {isa = PBXFileReference; explicitFileType = default; fileEncoding = 4; name = shaders.rule; path = build_xcode_ios/shaders.rule; sourceTree = SOURCE_ROOT; };
		E618E95B2CDC4815B907AE04 /* Vulkan_Learn */ = {isa = PBXFileReference; explicitFileType = "compiled.mach-o.executable"; path = Vulkan_Learn; sourceTree = BUILT_PRODUCTS_DIR; };
		E6E2B781DF8D4B05B1173692 /* /Users/huyprowow/VulkanSDK/1.4.341.1/iOS/lib/vulkan.framework */ = {isa = PBXFileReference; fileEncoding = 4; lastKnownFileType = wrapper.framework; name = vulkan.framework; path = /Users/huyprowow/VulkanSDK/1.4.341.1/iOS/lib/vulkan.framework; sourceTree = "<absolute>"; };
		F4112EA69D36471A8467F281 /* /Users/huyprowow/Documents/Vulkan_practice/Vulkan_BaseSetup_test/CMakeLists.txt */ = {isa = PBXFileReference; explicitFileType = sourcecode.text; fileEncoding = 4; name = CMakeLists.txt; path = CMakeLists.txt; sourceTree = SOURCE_ROOT; };
		FCB7F3AB07A347BA8BF83171 /* /Users/huyprowow/Documents/Vulkan_practice/Vulkan_BaseSetup_test/assets/models/viking_room.glb */ = {isa = PBXFileReference; explicitFileType = default; fileEncoding = 4; name = viking_room.glb; path = assets/models/viking_room.glb; sourceTree = SOURCE_ROOT; };
		FD59F55EDF0D4909A68FC426 /* /Users/huyprowow/Documents/Vulkan_practice/Vulkan_BaseSetup_test/src/render/vulkan/ThreadCommandPool.cpp */ = {isa = PBXFileReference; explicitFileType = sourcecode.cpp.cpp; fileEncoding = 4; name = ThreadCommandPool.cpp; path = src/render/vulkan/ThreadCommandPool.cpp; sourceTree = SOURCE_ROOT; };
/* End PBXFileReference section */

/* Begin PBXFrameworksBuildPhase section */
		3BAB72C1F9444B8CBA5EA755 /* Frameworks */ = {
			isa = PBXFrameworksBuildPhase;
			buildActionMask = 2147483647;
			files = (
			);
			runOnlyForDeploymentPostprocessing = 0;
		};
/* End PBXFrameworksBuildPhase section */

/* Begin PBXGroup section */
		01013CDC51AF4ED9B1F533E3 /* Vulkan_Learn_shader */ = {
			isa = PBXGroup;
			children = (
				E1043F750F3C4EF2AE2330BD /* CMake Rules */,
				A76CF66F3B3142D99D9A2DBC /* /Users/huyprowow/Documents/Vulkan_practice/Vulkan_BaseSetup_test/CMakeLists.txt */,
			);
			name = Vulkan_Learn_shader;
			sourceTree = "<group>";
		};
		0EDB5E6C44814CF0B9EE8FC0 /* Resources */ = {
			isa = PBXGroup;
			children = (
				A3CB1CD115E247DA86034889 /* /Users/huyprowow/Documents/Vulkan_practice/Vulkan_BaseSetup_test/build_xcode_ios/CMakeFiles/Vulkan_Learn.dir/Info.plist */,
			);
			name = Resources;
			sourceTree = "<group>";
		};
		1E3FCB5C071E47B7A44D985A /* ALL_BUILD */ = {
			isa = PBXGroup;
			children = (
				42DC798F019449C8B001096C /* CMake Rules */,
				F4112EA69D36471A8467F281 /* /Users/huyprowow/Documents/Vulkan_practice/Vulkan_BaseSetup_test/CMakeLists.txt */,
			);
			name = ALL_BUILD;
			sourceTree = "<group>";
		};
		38ECFBCAEDB84BA7941060E5 /* CMake Rules */ = {
			isa = PBXGroup;
			children = (
				CD64B02EC2094210BDA7D77C /* /Users/huyprowow/Documents/Vulkan_practice/Vulkan_BaseSetup_test/build_xcode_ios/shaders.rule */,
				7794F0854D4E4CE48C007969 /* /Users/huyprowow/Documents/Vulkan_practice/Vulkan_BaseSetup_test/build_xcode_ios/shaders/compute.spv.rule */,
				8BC8FE73433D4059ACC02833 /* /Users/huyprowow/Documents/Vulkan_practice/Vulkan_BaseSetup_test/build_xcode_ios/shaders/shader.spv.rule */,
			);
			name = "CMake Rules";
			sourceTree = "<group>";
		};
		42DC798F019449C8B001096C /* CMake Rules */ = {
			isa = PBXGroup;
			children = (
			);
			name = "CMake Rules";
			sourceTree = "<group>";
		};
		464BEA40C7894A0E92F063D3 /* Source Files */ = {
			isa = PBXGroup;
			children = (
				72610E800F3E47B5B8F91949 /* /Users/huyprowow/Documents/Vulkan_practice/Vulkan_BaseSetup_test/ios/iOSApp.mm */,
				82198F45E5284DFAABFEB6CF /* /Users/huyprowow/Documents/Vulkan_practice/Vulkan_BaseSetup_test/src/platform/ios/IOSWindow.mm */,
				6596D041E8C343AA8EE5F0BF /* /Users/huyprowow/Documents/Vulkan_practice/Vulkan_BaseSetup_test/src/render/vulkan/MeshData.cpp */,
				FD59F55EDF0D4909A68FC426 /* /Users/huyprowow/Documents/Vulkan_practice/Vulkan_BaseSetup_test/src/render/vulkan/ThreadCommandPool.cpp */,
				B6E482A35F8E42909F4C61A3 /* /Users/huyprowow/Documents/Vulkan_practice/Vulkan_BaseSetup_test/src/render/vulkan/VulkanDevice.cpp */,
				8876ACD5210A488DBB43B7C4 /* /Users/huyprowow/Documents/Vulkan_practice/Vulkan_BaseSetup_test/src/render/vulkan/VulkanInstance.cpp */,
				AADA8497872B45B197682771 /* /Users/huyprowow/Documents/Vulkan_practice/Vulkan_BaseSetup_test/src/render/vulkan/VulkanMemory.cpp */,
				951ADB3A5C1E44ECAD6EE6BC /* /Users/huyprowow/Documents/Vulkan_practice/Vulkan_BaseSetup_test/src/render/vulkan/VulkanModel.cpp */,
				88042462196F467596B0FCEE /* /Users/huyprowow/Documents/Vulkan_practice/Vulkan_BaseSetup_test/src/render/vulkan/VulkanParticleSystem.cpp */,
				B7BA41DA00394172B0051BA1 /* /Users/huyprowow/Documents/Vulkan_practice/Vulkan_BaseSetup_test/src/render/vulkan/VulkanRenderer.cpp */,
				2CEBCF59685144159DA156B6 /* /Users/huyprowow/Documents/Vulkan_practice/Vulkan_BaseSetup_test/src/render/vulkan/VulkanScene.cpp */,
				A328AD2D6D424313BC01A5C9 /* /Users/huyprowow/Documents/Vulkan_practice/Vulkan_BaseSetup_test/src/render/vulkan/VulkanSwapchain.cpp */,
				016B732D5FDE45AFB230BFD3 /* /Users/huyprowow/Documents/Vulkan_practice/Vulkan_BaseSetup_test/src/render/vulkan/VulkanTexture.cpp */,
			);
			name = "Source Files";
			sourceTree = "<group>";
		};
		58F2AA3FE57B44D58C955C78 /* Vulkan_Learn */ = {
			isa = PBXGroup;
			children = (
				464BEA40C7894A0E92F063D3 /* Source Files */,
				38ECFBCAEDB84BA7941060E5 /* CMake Rules */,
				0EDB5E6C44814CF0B9EE8FC0 /* Resources */,
				8D0484C25099498A8F6888D6 /* /Users/huyprowow/Documents/Vulkan_practice/Vulkan_BaseSetup_test/CMakeLists.txt */,
				FCB7F3AB07A347BA8BF83171 /* /Users/huyprowow/Documents/Vulkan_practice/Vulkan_BaseSetup_test/assets/models/viking_room.glb */,
				B2E807A8C7AA49818A188167 /* /Users/huyprowow/Documents/Vulkan_practice/Vulkan_BaseSetup_test/assets/textures/viking_room.ktx2 */,
				52FBE825BA2C4C56BDA2B820 /* /Users/huyprowow/Documents/Vulkan_practice/Vulkan_BaseSetup_test/build_xcode_ios/shaders/compute.spv */,
				C53B105C6CF44CA29C48B7AC /* /Users/huyprowow/Documents/Vulkan_practice/Vulkan_BaseSetup_test/build_xcode_ios/shaders/shader.spv */,
			);
			name = Vulkan_Learn;
			sourceTree = "<group>";
		};
		5A44CB816784493E8C1C26DD /* Resources */ = {
			isa = PBXGroup;
			children = (
			);
			name = Resources;
			sourceTree = "<group>";
		};
		AC953F6E62B04117B7BBFB68 /* Products */ = {
			isa = PBXGroup;
			children = (
				E618E95B2CDC4815B907AE04 /* Vulkan_Learn */,
			);
			name = Products;
			sourceTree = "<group>";
		};
		DC592CA391B545CA90C760DF = {
			isa = PBXGroup;
			children = (
				58F2AA3FE57B44D58C955C78 /* Vulkan_Learn */,
				01013CDC51AF4ED9B1F533E3 /* Vulkan_Learn_shader */,
				1E3FCB5C071E47B7A44D985A /* ALL_BUILD */,
				AC953F6E62B04117B7BBFB68 /* Products */,
				F1E1C80BFD554B099B16162E /* Frameworks */,
				5A44CB816784493E8C1C26DD /* Resources */,
			);
			sourceTree = "<group>";
		};
		E1043F750F3C4EF2AE2330BD /* CMake Rules */ = {
			isa = PBXGroup;
			children = (
			);
			name = "CMake Rules";
			sourceTree = "<group>";
		};
		F1E1C80BFD554B099B16162E /* Frameworks */ = {
			isa = PBXGroup;
			children = (
				E6E2B781DF8D4B05B1173692 /* /Users/huyprowow/VulkanSDK/1.4.341.1/iOS/lib/vulkan.framework */,
			);
			name = Frameworks;
			sourceTree = "<group>";
		};
/* End PBXGroup section */

/* Begin PBXNativeTarget section */
		DD29A56EE9A78E99D34B4779 /* Vulkan_Learn */ = {
			isa = PBXNativeTarget;
			buildConfigurationList = C3B4F1931FE342C8824C48AF /* Build configuration list for PBXNativeTarget "Vulkan_Learn" */;
			buildPhases = (
				286D7ECB82FD4E0CA5CA123F /* Copy files */,
				755C41DF149843EE843BC648 /* Copy files */,
				825C4AC90FD64897AB093C5A /* Copy files */,
				C8E07E1449174A2AACE303C4 /* Sources */,
				3BAB72C1F9444B8CBA5EA755 /* Frameworks */,
			);
			buildRules = (
			);
			dependencies = (
				49D43F167F4043309597142B /* PBXTargetDependency */,
				FFD2510D35CF4AC6B8176AF6 /* PBXTargetDependency */,
			);
			name = Vulkan_Learn;
			productName = Vulkan_Learn;
			productReference = E618E95B2CDC4815B907AE04 /* Vulkan_Learn */;
			productType = "com.apple.product-type.application";
		};
/* End PBXNativeTarget section */

/* Begin PBXProject section */
		97C3539909EA4948869DFF7F /* Project object */ = {
			isa = PBXProject;
			attributes = {
				BuildIndependentTargetsInParallel = YES;
				LastUpgradeCheck = 1540;
			};
			buildConfigurationList = A43E6E04513F4B9AB7C4D2B7 /* Build configuration list for PBXProject "Vulkan_Learn" */;
			buildSettings = {
			};
			buildStyles = (
				CC6E900ECAB8463FA2CBCCC1 /* Debug */,
				EC9ADD212D864E7683F9928A /* Release */,
				DD3557B5D94C41C394D0BE64 /* MinSizeRel */,
				ED743EB77086478FB848C947 /* RelWithDebInfo */,
			);
			compatibilityVersion = "Xcode 3.2";
			hasScannedForEncodings = 0;
			mainGroup = DC592CA391B545CA90C760DF;
			projectDirPath = /Users/huyprowow/Documents/Vulkan_practice/Vulkan_BaseSetup_test;
			projectRoot = "";
			targets = (
				94981F2A3ED26BA6B2885C98 /* ALL_BUILD */,
				DD29A56EE9A78E99D34B4779 /* Vulkan_Learn */,
				EB24290AC0BA37BCC60DB8FF /* Vulkan_Learn_shader */,
				E94A21D4550348E1F655EF33 /* ZERO_CHECK */,
			);
		};
/* End PBXProject section */

/* Begin PBXShellScriptBuildPhase section */
		2BB0ECE7DF3A240ECF3E83C2 /* Generate shaders/compute.spv */ = {
			isa = PBXShellScriptBuildPhase;
			buildActionMask = 2147483647;
			files = (
			);
			inputPaths = (
/Users/huyprowow/Documents/Vulkan_practice/Vulkan_BaseSetup_test/build_xcode_ios/shaders,/Users/huyprowow/Documents/Vulkan_practice/Vulkan_BaseSetup_test/shaders/compute.slang			);
			name = "Generate shaders/compute.spv";
			outputPaths = (
/Users/huyprowow/Documents/Vulkan_practice/Vulkan_BaseSetup_test/build_xcode_ios/shaders/compute.spv			);
			runOnlyForDeploymentPostprocessing = 0;
			shellPath = /bin/sh;
			shellScript = "set -e
if test \"$CONFIGURATION\" = \"Debug\"; then :
  cd /Users/huyprowow/Documents/Vulkan_practice/Vulkan_BaseSetup_test/build_xcode_ios/shaders
  /Users/huyprowow/VulkanSDK/1.4.341.1/iOS/bin/slangc /Users/huyprowow/Documents/Vulkan_practice/Vulkan_BaseSetup_test/shaders/compute.slang -target spirv -profile spirv_1_4 -emit-spirv-directly -fvk-use-entrypoint-name -entry vertMain -entry fragMain -entry compMain -o compute.spv
fi
if test \"$CONFIGURATION\" = \"Release\"; then :
  cd /Users/huyprowow/Documents/Vulkan_practice/Vulkan_BaseSetup_test/build_xcode_ios/shaders
  /Users/huyprowow/VulkanSDK/1.4.341.1/iOS/bin/slangc /Users/huyprowow/Documents/Vulkan_practice/Vulkan_BaseSetup_test/shaders/compute.slang -target spirv -profile spirv_1_4 -emit-spirv-directly -fvk-use-entrypoint-name -entry vertMain -entry fragMain -entry compMain -o compute.spv
fi
if test \"$CONFIGURATION\" = \"MinSizeRel\"; then :
  cd /Users/huyprowow/Documents/Vulkan_practice/Vulkan_BaseSetup_test/build_xcode_ios/shaders
  /Users/huyprowow/VulkanSDK/1.4.341.1/iOS/bin/slangc /Users/huyprowow/Documents/Vulkan_practice/Vulkan_BaseSetup_test/shaders/compute.slang -target spirv -profile spirv_1_4 -emit-spirv-directly -fvk-use-entrypoint-name -entry vertMain -entry fragMain -entry compMain -o compute.spv
fi
if test \"$CONFIGURATION\" = \"RelWithDebInfo\"; then :
  cd /Users/huyprowow/Documents/Vulkan_practice/Vulkan_BaseSetup_test/build_xcode_ios/shaders
  /Users/huyprowow/VulkanSDK/1.4.341.1/iOS/bin/slangc /Users/huyprowow/Documents/Vulkan_practice/Vulkan_BaseSetup_test/shaders/compute.slang -target spirv -profile spirv_1_4 -emit-spirv-directly -fvk-use-entrypoint-name -entry vertMain -entry fragMain -entry compMain -o compute.spv
fi
";
			showEnvVarsInLog = 0;
		};
		3C0110FC8322DE7E50886E21 = {
			isa = PBXShellScriptBuildPhase;
			buildActionMask = 2147483647;
			files = (
			);
			inputPaths = (
			);
			outputPaths = (
			);
			runOnlyForDeploymentPostprocessing = 0;
			shellPath = /bin/sh;
			shellScript = "# shell script goes here
exit 0";
			showEnvVarsInLog = 0;
		};
		4911CF29A5D4E33A68D38108 /* Generate shaders/shader.spv */ = {
			isa = PBXShellScriptBuildPhase;
			buildActionMask = 2147483647;
			files = (
			);
			inputPaths = (
/Users/huyprowow/Documents/Vulkan_practice/Vulkan_BaseSetup_test/build_xcode_ios/shaders,/Users/huyprowow/Documents/Vulkan_practice/Vulkan_BaseSetup_test/shaders/shader.slang			);
			name = "Generate shaders/shader.spv";
			outputPaths = (
/Users/huyprowow/Documents/Vulkan_practice/Vulkan_BaseSetup_test/build_xcode_ios/shaders/shader.spv			);
			runOnlyForDeploymentPostprocessing = 0;
			shellPath = /bin/sh;
			shellScript = "set -e
if test \"$CONFIGURATION\" = \"Debug\"; then :
  cd /Users/huyprowow/Documents/Vulkan_practice/Vulkan_BaseSetup_test/build_xcode_ios/shaders
  /Users/huyprowow/VulkanSDK/1.4.341.1/iOS/bin/slangc /Users/huyprowow/Documents/Vulkan_practice/Vulkan_BaseSetup_test/shaders/shader.slang -target spirv -profile spirv_1_4 -emit-spirv-directly -fvk-use-entrypoint-name -entry vertMain -entry fragMain -o shader.spv
fi
if test \"$CONFIGURATION\" = \"Release\"; then :
  cd /Users/huyprowow/Documents/Vulkan_practice/Vulkan_BaseSetup_test/build_xcode_ios/shaders
  /Users/huyprowow/VulkanSDK/1.4.341.1/iOS/bin/slangc /Users/huyprowow/Documents/Vulkan_practice/Vulkan_BaseSetup_test/shaders/shader.slang -target spirv -profile spirv_1_4 -emit-spirv-directly -fvk-use-entrypoint-name -entry vertMain -entry fragMain -o shader.spv
fi
if test \"$CONFIGURATION\" = \"MinSizeRel\"; then :
  cd /Users/huyprowow/Documents/Vulkan_practice/Vulkan_BaseSetup_test/build_xcode_ios/shaders
  /Users/huyprowow/VulkanSDK/1.4.341.1/iOS/bin/slangc /Users/huyprowow/Documents/Vulkan_practice/Vulkan_BaseSetup_test/shaders/shader.slang -target spirv -profile spirv_1_4 -emit-spirv-directly -fvk-use-entrypoint-name -entry vertMain -entry fragMain -o shader.spv
fi
if test \"$CONFIGURATION\" = \"RelWithDebInfo\"; then :
  cd /Users/huyprowow/Documents/Vulkan_practice/Vulkan_BaseSetup_test/build_xcode_ios/shaders
  /Users/huyprowow/VulkanSDK/1.4.341.1/iOS/bin/slangc /Users/huyprowow/Documents/Vulkan_practice/Vulkan_BaseSetup_test/shaders/shader.slang -target spirv -profile spirv_1_4 -emit-spirv-directly -fvk-use-entrypoint-name -entry vertMain -entry fragMain -o shader.spv
fi
";
			showEnvVarsInLog = 0;
		};
		54831A358DE73CCB9CAB3593 /* Generate CMakeFiles/ZERO_CHECK */ = {
			isa = PBXShellScriptBuildPhase;
			alwaysOutOfDate = 1;
			buildActionMask = 2147483647;
			files = (
			);
			inputPaths = (
			);
			name = "Generate CMakeFiles/ZERO_CHECK";
			outputPaths = (
/Users/huyprowow/Documents/Vulkan_practice/Vulkan_BaseSetup_test/build_xcode_ios/CMakeFiles/ZERO_CHECK			);
			runOnlyForDeploymentPostprocessing = 0;
			shellPath = /bin/sh;
			shellScript = "set -e
if test \"$CONFIGURATION\" = \"Debug\"; then :
  cd /Users/huyprowow/Documents/Vulkan_practice/Vulkan_BaseSetup_test/build_xcode_ios
  make -f /Users/huyprowow/Documents/Vulkan_practice/Vulkan_BaseSetup_test/build_xcode_ios/CMakeScripts/ReRunCMake.make
fi
if test \"$CONFIGURATION\" = \"Release\"; then :
  cd /Users/huyprowow/Documents/Vulkan_practice/Vulkan_BaseSetup_test/build_xcode_ios
  make -f /Users/huyprowow/Documents/Vulkan_practice/Vulkan_BaseSetup_test/build_xcode_ios/CMakeScripts/ReRunCMake.make
fi
if test \"$CONFIGURATION\" = \"MinSizeRel\"; then :
  cd /Users/huyprowow/Documents/Vulkan_practice/Vulkan_BaseSetup_test/build_xcode_ios
  make -f /Users/huyprowow/Documents/Vulkan_practice/Vulkan_BaseSetup_test/build_xcode_ios/CMakeScripts/ReRunCMake.make
fi
if test \"$CONFIGURATION\" = \"RelWithDebInfo\"; then :
  cd /Users/huyprowow/Documents/Vulkan_practice/Vulkan_BaseSetup_test/build_xcode_ios
  make -f /Users/huyprowow/Documents/Vulkan_practice/Vulkan_BaseSetup_test/build_xcode_ios/CMakeScripts/ReRunCMake.make
fi
";
			showEnvVarsInLog = 0;
		};
		78F06C3BD8A36AF07B5C6D91 /* Generate CMakeFiles/Vulkan_Learn_shader */ = {
			isa = PBXShellScriptBuildPhase;
			alwaysOutOfDate = 1;
			buildActionMask = 2147483647;
			files = (
			);
			inputPaths = (
/Users/huyprowow/Documents/Vulkan_practice/Vulkan_BaseSetup_test/build_xcode_ios/shaders/compute.spv,/Users/huyprowow/Documents/Vulkan_practice/Vulkan_BaseSetup_test/build_xcode_ios/shaders/shader.spv			);
			name = "Generate CMakeFiles/Vulkan_Learn_shader";
			outputPaths = (
/Users/huyprowow/Documents/Vulkan_practice/Vulkan_BaseSetup_test/build_xcode_ios/CMakeFiles/Vulkan_Learn_shader			);
			runOnlyForDeploymentPostprocessing = 0;
			shellPath = /bin/sh;
			shellScript = "set -e
if test \"$CONFIGURATION\" = \"Debug\"; then :
  cd /Users/huyprowow/Documents/Vulkan_practice/Vulkan_BaseSetup_test/build_xcode_ios
fi
if test \"$CONFIGURATION\" = \"Release\"; then :
  cd /Users/huyprowow/Documents/Vulkan_practice/Vulkan_BaseSetup_test/build_xcode_ios
fi
if test \"$CONFIGURATION\" = \"MinSizeRel\"; then :
  cd /Users/huyprowow/Documents/Vulkan_practice/Vulkan_BaseSetup_test/build_xcode_ios
fi
if test \"$CONFIGURATION\" = \"RelWithDebInfo\"; then :
  cd /Users/huyprowow/Documents/Vulkan_practice/Vulkan_BaseSetup_test/build_xcode_ios
fi
";
			showEnvVarsInLog = 0;
		};
		7A14D2C0C220656DF376384B /* Generate shaders */ = {
			isa = PBXShellScriptBuildPhase;
			buildActionMask = 2147483647;
			files = (
			);
			inputPaths = (
			);
			name = "Generate shaders";
			outputPaths = (
/Users/huyprowow/Documents/Vulkan_practice/Vulkan_BaseSetup_test/build_xcode_ios/shaders			);
			runOnlyForDeploymentPostprocessing = 0;
			shellPath = /bin/sh;
			shellScript = "set -e
if test \"$CONFIGURATION\" = \"Debug\"; then :
  cd /Users/huyprowow/Documents/Vulkan_practice/Vulkan_BaseSetup_test/build_xcode_ios
  /Users/huyprowow/.local/opt/cmake/CMake.app/Contents/bin/cmake -E make_directory /Users/huyprowow/Documents/Vulkan_practice/Vulkan_BaseSetup_test/build_xcode_ios/shaders
fi
if test \"$CONFIGURATION\" = \"Release\"; then :
  cd /Users/huyprowow/Documents/Vulkan_practice/Vulkan_BaseSetup_test/build_xcode_ios
  /Users/huyprowow/.local/opt/cmake/CMake.app/Contents/bin/cmake -E make_directory /Users/huyprowow/Documents/Vulkan_practice/Vulkan_BaseSetup_test/build_xcode_ios/shaders
fi
if test \"$CONFIGURATION\" = \"MinSizeRel\"; then :
  cd /Users/huyprowow/Documents/Vulkan_practice/Vulkan_BaseSetup_test/build_xcode_ios
  /Users/huyprowow/.local/opt/cmake/CMake.app/Contents/bin/cmake -E make_directory /Users/huyprowow/Documents/Vulkan_practice/Vulkan_BaseSetup_test/build_xcode_ios/shaders
fi
if test \"$CONFIGURATION\" = \"RelWithDebInfo\"; then :
  cd /Users/huyprowow/Documents/Vulkan_practice/Vulkan_BaseSetup_test/build_xcode_ios
  /Users/huyprowow/.local/opt/cmake/CMake.app/Contents/bin/cmake -E make_directory /Users/huyprowow/Documents/Vulkan_practice/Vulkan_BaseSetup_test/build_xcode_ios/shaders
fi
";
			showEnvVarsInLog = 0;
		};
		9B50530E35CC49C82C2FACCF = {
			isa = PBXShellScriptBuildPhase;
			buildActionMask = 2147483647;
			files = (
			);
			inputPaths = (
			);
			outputPaths = (
			);
			runOnlyForDeploymentPostprocessing = 0;
			shellPath = /bin/sh;
			shellScript = "# shell script goes here
exit 0";
			showEnvVarsInLog = 0;
		};
		A31B35CE6D3B547BC5A10EAA /* Generate CMakeFiles/ALL_BUILD */ = {
			isa = PBXShellScriptBuildPhase;
			alwaysOutOfDate = 1;
			buildActionMask = 2147483647;
			files = (
			);
			inputPaths = (
			);
			name = "Generate CMakeFiles/ALL_BUILD";
			outputPaths = (
/Users/huyprowow/Documents/Vulkan_practice/Vulkan_BaseSetup_test/build_xcode_ios/CMakeFiles/ALL_BUILD			);
			runOnlyForDeploymentPostprocessing = 0;
			shellPath = /bin/sh;
			shellScript = "set -e
if test \"$CONFIGURATION\" = \"Debug\"; then :
  cd /Users/huyprowow/Documents/Vulkan_practice/Vulkan_BaseSetup_test/build_xcode_ios
  echo Build\\ all\\ projects
fi
if test \"$CONFIGURATION\" = \"Release\"; then :
  cd /Users/huyprowow/Documents/Vulkan_practice/Vulkan_BaseSetup_test/build_xcode_ios
  echo Build\\ all\\ projects
fi
if test \"$CONFIGURATION\" = \"MinSizeRel\"; then :
  cd /Users/huyprowow/Documents/Vulkan_practice/Vulkan_BaseSetup_test/build_xcode_ios
  echo Build\\ all\\ projects
fi
if test \"$CONFIGURATION\" = \"RelWithDebInfo\"; then :
  cd /Users/huyprowow/Documents/Vulkan_practice/Vulkan_BaseSetup_test/build_xcode_ios
  echo Build\\ all\\ projects
fi
";
			showEnvVarsInLog = 0;
		};
		ACCD935DA1147F9E4D304A3B = {
			isa = PBXShellScriptBuildPhase;
			buildActionMask = 2147483647;
			files = (
			);
			inputPaths = (
			);
			outputPaths = (
			);
			runOnlyForDeploymentPostprocessing = 0;
			shellPath = /bin/sh;
			shellScript = "# shell script goes here
exit 0";
			showEnvVarsInLog = 0;
		};
/* End PBXShellScriptBuildPhase section */

/* Begin PBXSourcesBuildPhase section */
		C8E07E1449174A2AACE303C4 /* Sources */ = {
			isa = PBXSourcesBuildPhase;
			buildActionMask = 2147483647;
			files = (
				4652A5B9B708485182D97980 /* /Users/huyprowow/Documents/Vulkan_practice/Vulkan_BaseSetup_test/ios/iOSApp.mm */,
				5105A8120D764D9FB85AC1B7 /* /Users/huyprowow/Documents/Vulkan_practice/Vulkan_BaseSetup_test/src/platform/ios/IOSWindow.mm */,
				857B6AA7036B43FBBC64ACE7 /* /Users/huyprowow/Documents/Vulkan_practice/Vulkan_BaseSetup_test/src/render/vulkan/MeshData.cpp */,
				6FB545C639CD43B28D7ACECE /* /Users/huyprowow/Documents/Vulkan_practice/Vulkan_BaseSetup_test/src/render/vulkan/ThreadCommandPool.cpp */,
				5BB6A07D379A4063B2DDE854 /* /Users/huyprowow/Documents/Vulkan_practice/Vulkan_BaseSetup_test/src/render/vulkan/VulkanDevice.cpp */,
				9E5FF42160EF416F972E5E6C /* /Users/huyprowow/Documents/Vulkan_practice/Vulkan_BaseSetup_test/src/render/vulkan/VulkanInstance.cpp */,
				0AEABA6EE4584C9BA4F2059F /* /Users/huyprowow/Documents/Vulkan_practice/Vulkan_BaseSetup_test/src/render/vulkan/VulkanMemory.cpp */,
				DF8B950724AC41A49482079E /* /Users/huyprowow/Documents/Vulkan_practice/Vulkan_BaseSetup_test/src/render/vulkan/VulkanModel.cpp */,
				960CA63FDABD48C2B1FFBD9D /* /Users/huyprowow/Documents/Vulkan_practice/Vulkan_BaseSetup_test/src/render/vulkan/VulkanParticleSystem.cpp */,
				D72E654C4D6E4972A63B0E13 /* /Users/huyprowow/Documents/Vulkan_practice/Vulkan_BaseSetup_test/src/render/vulkan/VulkanRenderer.cpp */,
				70EF203434B1416081C436B4 /* /Users/huyprowow/Documents/Vulkan_practice/Vulkan_BaseSetup_test/src/render/vulkan/VulkanScene.cpp */,
				6D792BB3BD664E18B5A199AF /* /Users/huyprowow/Documents/Vulkan_practice/Vulkan_BaseSetup_test/src/render/vulkan/VulkanSwapchain.cpp */,
				754EB5462370465BBDE63D13 /* /Users/huyprowow/Documents/Vulkan_practice/Vulkan_BaseSetup_test/src/render/vulkan/VulkanTexture.cpp */,
			);
			runOnlyForDeploymentPostprocessing = 0;
		};
/* End PBXSourcesBuildPhase section */

/* Begin PBXCopyFilesBuildPhase section */
		286D7ECB82FD4E0CA5CA123F /* Copy files */ = {
			isa = PBXCopyFilesBuildPhase;
			buildActionMask = 2147483647;
			dstPath = models;
			dstSubfolderSpec = 7;
			files = (
				BDC550D4DDAC4988B3E96741 /* /Users/huyprowow/Documents/Vulkan_practice/Vulkan_BaseSetup_test/assets/models/viking_room.glb */,
			);
			runOnlyForDeploymentPostprocessing = 0;
		};
		755C41DF149843EE843BC648 /* Copy files */ = {
			isa = PBXCopyFilesBuildPhase;
			buildActionMask = 2147483647;
			dstPath = shaders;
			dstSubfolderSpec = 7;
			files = (
				211EE01668FC4B31B38F25E1 /* /Users/huyprowow/Documents/Vulkan_practice/Vulkan_BaseSetup_test/build_xcode_ios/shaders/compute.spv */,
				EB59A775DD864BADAE0258DC /* /Users/huyprowow/Documents/Vulkan_practice/Vulkan_BaseSetup_test/build_xcode_ios/shaders/shader.spv */,
			);
			runOnlyForDeploymentPostprocessing = 0;
		};
		825C4AC90FD64897AB093C5A /* Copy files */ = {
			isa = PBXCopyFilesBuildPhase;
			buildActionMask = 2147483647;
			dstPath = textures;
			dstSubfolderSpec = 7;
			files = (
				EC6378D065044B809DF98FDD /* /Users/huyprowow/Documents/Vulkan_practice/Vulkan_BaseSetup_test/assets/textures/viking_room.ktx2 */,
			);
			runOnlyForDeploymentPostprocessing = 0;
		};
/* End PBXCopyFilesBuildPhase section */

/* Begin PBXTargetDependency section */
		49D43F167F4043309597142B /* PBXTargetDependency */ = {
			isa = PBXTargetDependency;
			target = E94A21D4550348E1F655EF33 /* ZERO_CHECK */;
			targetProxy = D408F6D7D3CF4CC0B4EBA1A3 /* PBXContainerItemProxy */;
		};
		CC456231F4C2420F9DCDB419 /* PBXTargetDependency */ = {
			isa = PBXTargetDependency;
			target = E94A21D4550348E1F655EF33 /* ZERO_CHECK */;
			targetProxy = C1DD099D4D064A11ABB61148 /* PBXContainerItemProxy */;
		};
		D85EC9EA2EA843AD8162629B /* PBXTargetDependency */ = {
			isa = PBXTargetDependency;
			target = E94A21D4550348E1F655EF33 /* ZERO_CHECK */;
			targetProxy = 5C679C26C9554BEA8B3AE515 /* PBXContainerItemProxy */;
		};
		DE82804689C046CA8D28921D /* PBXTargetDependency */ = {
			isa = PBXTargetDependency;
			target = DD29A56EE9A78E99D34B4779 /* Vulkan_Learn */;
			targetProxy = 96565DA7CED644A8B66BB44D /* PBXContainerItemProxy */;
		};
		FFD2510D35CF4AC6B8176AF6 /* PBXTargetDependency */ = {
			isa = PBXTargetDependency;
			target = EB24290AC0BA37BCC60DB8FF /* Vulkan_Learn_shader */;
			targetProxy = D8A4E8A3B57245818211962F /* PBXContainerItemProxy */;
		};
/* End PBXTargetDependency section */

/* Begin XCBuildConfiguration section */
		0AFD7D6A8EC1459198327A0F /* MinSizeRel */ = {
			isa = XCBuildConfiguration;
			buildSettings = {
				ALWAYS_SEARCH_USER_PATHS = NO;
				COMBINE_HIDPI_IMAGES = YES;
				GCC_GENERATE_DEBUGGING_SYMBOLS = YES;
				GCC_INLINES_ARE_PRIVATE_EXTERN = NO;
				GCC_OPTIMIZATION_LEVEL = 0;
				GCC_PREPROCESSOR_DEFINITIONS = ("'CMAKE_INTDIR=\"$(CONFIGURATION)$(EFFECTIVE_PLATFORM_NAME)\"'","$(inherited)");
				GCC_SYMBOLS_PRIVATE_EXTERN = NO;
				INSTALL_PATH = "";
				OTHER_LDFLAGS = ("","$(inherited)");
				OTHER_REZFLAGS = "";
				PRODUCT_NAME = ZERO_CHECK;
				SECTORDER_FLAGS = "";
				USE_HEADERMAP = NO;
				WARNING_CFLAGS = ("$(inherited)");
			};
			name = MinSizeRel;
		};
		250024ACEC6E4F92AF3DF397 /* Debug */ = {
			isa = XCBuildConfiguration;
			buildSettings = {
				ALWAYS_SEARCH_USER_PATHS = NO;
				COMBINE_HIDPI_IMAGES = YES;
				GCC_GENERATE_DEBUGGING_SYMBOLS = YES;
				GCC_INLINES_ARE_PRIVATE_EXTERN = NO;
				GCC_OPTIMIZATION_LEVEL = 0;
				GCC_PREPROCESSOR_DEFINITIONS = ("'CMAKE_INTDIR=\"$(CONFIGURATION)$(EFFECTIVE_PLATFORM_NAME)\"'","$(inherited)");
				GCC_SYMBOLS_PRIVATE_EXTERN = NO;
				INSTALL_PATH = "";
				OTHER_LDFLAGS = ("","$(inherited)");
				OTHER_REZFLAGS = "";
				PRODUCT_NAME = ZERO_CHECK;
				SECTORDER_FLAGS = "";
				USE_HEADERMAP = NO;
				WARNING_CFLAGS = ("$(inherited)");
			};
			name = Debug;
		};
		4C5113A1457F438A980675F4 /* Release */ = {
			isa = XCBuildConfiguration;
			buildSettings = {
				ALWAYS_SEARCH_USER_PATHS = NO;
				COMBINE_HIDPI_IMAGES = YES;
				GCC_GENERATE_DEBUGGING_SYMBOLS = YES;
				GCC_INLINES_ARE_PRIVATE_EXTERN = NO;
				GCC_OPTIMIZATION_LEVEL = 0;
				GCC_PREPROCESSOR_DEFINITIONS = ("'CMAKE_INTDIR=\"$(CONFIGURATION)$(EFFECTIVE_PLATFORM_NAME)\"'","$(inherited)");
				GCC_SYMBOLS_PRIVATE_EXTERN = NO;
				INSTALL_PATH = "";
				OTHER_LDFLAGS = ("","$(inherited)");
				OTHER_REZFLAGS = "";
				PRODUCT_NAME = Vulkan_Learn_shader;
				SECTORDER_FLAGS = "";
				USE_HEADERMAP = NO;
				WARNING_CFLAGS = ("$(inherited)");
			};
			name = Release;
		};
		5502A2E6392A4774BD972DAE /* Release */ = {
			isa = XCBuildConfiguration;
			buildSettings = {
				ALWAYS_SEARCH_USER_PATHS = NO;
				ARCHS = arm64;
				COMBINE_HIDPI_IMAGES = YES;
				CONFIGURATION_BUILD_DIR = "/Users/huyprowow/Documents/Vulkan_practice/Vulkan_BaseSetup_test/build_xcode_ios/Release${EFFECTIVE_PLATFORM_NAME}";
				EXECUTABLE_PREFIX = "";
				EXECUTABLE_SUFFIX = "";
				FRAMEWORK_SEARCH_PATHS = (/Users/huyprowow/VulkanSDK/1.4.341.1/iOS/lib,"$(inherited)");
				GCC_GENERATE_DEBUGGING_SYMBOLS = NO;
				GCC_INLINES_ARE_PRIVATE_EXTERN = NO;
				GCC_OPTIMIZATION_LEVEL = 3;
				GCC_PREPROCESSOR_DEFINITIONS = ("'CMAKE_INTDIR=\"$(CONFIGURATION)$(EFFECTIVE_PLATFORM_NAME)\"'","'VULKAN_LEARN_IOS=1'","'VULKAN_HPP_DISPATCH_LOADER_DYNAMIC=1'","'VULKAN_HPP_NO_STRUCT_CONSTRUCTORS=1'",TINYGLTF_IMPLEMENTATION,TINYGLTF_NO_EXTERNAL_IMAGE,TINYGLTF_NO_STB_IMAGE,TINYGLTF_NO_STB_IMAGE_WRITE,KHRONOS_STATIC,KTX_FEATURE_KTX1,KTX_FEATURE_KTX2,KTX_FEATURE_WRITE,"$(inherited)");
				GCC_SYMBOLS_PRIVATE_EXTERN = NO;
				HEADER_SEARCH_PATHS = (/Users/huyprowow/Documents/Vulkan_practice/Vulkan_BaseSetup_test,"$(inherited)");
				INFOPLIST_FILE = /Users/huyprowow/Documents/Vulkan_practice/Vulkan_BaseSetup_test/build_xcode_ios/CMakeFiles/Vulkan_Learn.dir/Info.plist;
				INSTALL_PATH = "";
				IPHONEOS_DEPLOYMENT_TARGET = 13.0;
				LD_RUNPATH_SEARCH_PATHS = (/Users/huyprowow/VulkanSDK/1.4.341.1/iOS/lib,"$(inherited)");
				ONLY_ACTIVE_ARCH = NO;
				OTHER_CPLUSPLUSFLAGS = "    -DNDEBUG '-std=gnu++20' ";
				OTHER_LDFLAGS = (" -Wl,-headerpad_max_install_names","-framework vulkan","-framework Metal","-framework QuartzCore","-framework UIKit","-framework Foundation","/Users/huyprowow/Documents/Vulkan_practice/Vulkan_BaseSetup_test/build_xcode_ios/vcpkg_installed/arm64-ios/lib/libktx.a",/Users/huyprowow/VulkanSDK/1.4.341.1/iOS/lib/vulkan.framework/vulkan,"/Users/huyprowow/Documents/Vulkan_practice/Vulkan_BaseSetup_test/build_xcode_ios/vcpkg_installed/arm64-ios/lib/libzstd.a","$(inherited)");
				OTHER_REZFLAGS = "";
				PRODUCT_BUNDLE_IDENTIFIER = com.huyprowow.VulkanLearn;
				PRODUCT_NAME = Vulkan_Learn;
				SECTORDER_FLAGS = "";
				SYSTEM_HEADER_SEARCH_PATHS = (/Users/huyprowow/VulkanSDK/1.4.341.1/iOS/../macOS/include,"/Users/huyprowow/Documents/Vulkan_practice/Vulkan_BaseSetup_test/build_xcode_ios/vcpkg_installed/arm64-ios/include","$(inherited)");
				TARGETED_DEVICE_FAMILY = "1,2";
				TARGET_TEMP_DIR = "/Users/huyprowow/Documents/Vulkan_practice/Vulkan_BaseSetup_test/build_xcode_ios/build/Vulkan_Learn.build/$(CONFIGURATION)$(EFFECTIVE_PLATFORM_NAME)";
				USE_HEADERMAP = NO;
				WARNING_CFLAGS = ("$(inherited)");
			};
			name = Release;
		};
		56CF1AA1389442B7800495D7 /* Debug */ = {
			isa = XCBuildConfiguration;
			buildSettings = {
				ARCHS = arm64;
				IPHONEOS_DEPLOYMENT_TARGET = 13.0;
				SDKROOT = iphoneos;
				SYMROOT = /Users/huyprowow/Documents/Vulkan_practice/Vulkan_BaseSetup_test/build_xcode_ios/build;
			};
			name = Debug;
		};
		6403FEDD284E4F8EB784FCAC /* MinSizeRel */ = {
			isa = XCBuildConfiguration;
			buildSettings = {
				ARCHS = arm64;
				IPHONEOS_DEPLOYMENT_TARGET = 13.0;
				SDKROOT = iphoneos;
				SWIFT_COMPILATION_MODE = wholemodule;
				SYMROOT = /Users/huyprowow/Documents/Vulkan_practice/Vulkan_BaseSetup_test/build_xcode_ios/build;
			};
			name = MinSizeRel;
		};
		6B2179DC7EFE446D86BBB92B /* RelWithDebInfo */ = {
			isa = XCBuildConfiguration;
			buildSettings = {
				ARCHS = arm64;
				IPHONEOS_DEPLOYMENT_TARGET = 13.0;
				SDKROOT = iphoneos;
				SWIFT_COMPILATION_MODE = wholemodule;
				SYMROOT = /Users/huyprowow/Documents/Vulkan_practice/Vulkan_BaseSetup_test/build_xcode_ios/build;
			};
			name = RelWithDebInfo;
		};
		6EF497647F5745D2B0EBFC8E /* RelWithDebInfo */ = {
			isa = XCBuildConfiguration;
			buildSettings = {
				ALWAYS_SEARCH_USER_PATHS = NO;
				COMBINE_HIDPI_IMAGES = YES;
				GCC_GENERATE_DEBUGGING_SYMBOLS = YES;
				GCC_INLINES_ARE_PRIVATE_EXTERN = NO;
				GCC_OPTIMIZATION_LEVEL = 0;
				GCC_PREPROCESSOR_DEFINITIONS = ("'CMAKE_INTDIR=\"$(CONFIGURATION)$(EFFECTIVE_PLATFORM_NAME)\"'","$(inherited)");
				GCC_SYMBOLS_PRIVATE_EXTERN = NO;
				INSTALL_PATH = "";
				OTHER_LDFLAGS = ("","$(inherited)");
				OTHER_REZFLAGS = "";
				PRODUCT_NAME = ALL_BUILD;
				SECTORDER_FLAGS = "";
				USE_HEADERMAP = NO;
				WARNING_CFLAGS = ("$(inherited)");
			};
			name = RelWithDebInfo;
		};
		84B50237779C4BAEB7DC9EB6 /* Release */ = {
			isa = XCBuildConfiguration;
			buildSettings = {
				ALWAYS_SEARCH_USER_PATHS = NO;
				COMBINE_HIDPI_IMAGES = YES;
				GCC_GENERATE_DEBUGGING_SYMBOLS = YES;
				GCC_INLINES_ARE_PRIVATE_EXTERN = NO;
				GCC_OPTIMIZATION_LEVEL = 0;
				GCC_PREPROCESSOR_DEFINITIONS = ("'CMAKE_INTDIR=\"$(CONFIGURATION)$(EFFECTIVE_PLATFORM_NAME)\"'","$(inherited)");
				GCC_SYMBOLS_PRIVATE_EXTERN = NO;
				INSTALL_PATH = "";
				OTHER_LDFLAGS = ("","$(inherited)");
				OTHER_REZFLAGS = "";
				PRODUCT_NAME = ALL_BUILD;
				SECTORDER_FLAGS = "";
				USE_HEADERMAP = NO;
				WARNING_CFLAGS = ("$(inherited)");
			};
			name = Release;
		};
		886F02A528934EE4B44696EA /* Debug */ = {
			isa = XCBuildConfiguration;
			buildSettings = {
				ALWAYS_SEARCH_USER_PATHS = NO;
				COMBINE_HIDPI_IMAGES = YES;
				GCC_GENERATE_DEBUGGING_SYMBOLS = YES;
				GCC_INLINES_ARE_PRIVATE_EXTERN = NO;
				GCC_OPTIMIZATION_LEVEL = 0;
				GCC_PREPROCESSOR_DEFINITIONS = ("'CMAKE_INTDIR=\"$(CONFIGURATION)$(EFFECTIVE_PLATFORM_NAME)\"'","$(inherited)");
				GCC_SYMBOLS_PRIVATE_EXTERN = NO;
				INSTALL_PATH = "";
				OTHER_LDFLAGS = ("","$(inherited)");
				OTHER_REZFLAGS = "";
				PRODUCT_NAME = ALL_BUILD;
				SECTORDER_FLAGS = "";
				USE_HEADERMAP = NO;
				WARNING_CFLAGS = ("$(inherited)");
			};
			name = Debug;
		};
		8B14C7604130401A94D8E32C /* MinSizeRel */ = {
			isa = XCBuildConfiguration;
			buildSettings = {
				ALWAYS_SEARCH_USER_PATHS = NO;
				COMBINE_HIDPI_IMAGES = YES;
				GCC_GENERATE_DEBUGGING_SYMBOLS = YES;
				GCC_INLINES_ARE_PRIVATE_EXTERN = NO;
				GCC_OPTIMIZATION_LEVEL = 0;
				GCC_PREPROCESSOR_DEFINITIONS = ("'CMAKE_INTDIR=\"$(CONFIGURATION)$(EFFECTIVE_PLATFORM_NAME)\"'","$(inherited)");
				GCC_SYMBOLS_PRIVATE_EXTERN = NO;
				INSTALL_PATH = "";
				OTHER_LDFLAGS = ("","$(inherited)");
				OTHER_REZFLAGS = "";
				PRODUCT_NAME = Vulkan_Learn_shader;
				SECTORDER_FLAGS = "";
				USE_HEADERMAP = NO;
				WARNING_CFLAGS = ("$(inherited)");
			};
			name = MinSizeRel;
		};
		925EF2C02A6A4D0A93E53B99 /* MinSizeRel */ = {
			isa = XCBuildConfiguration;
			buildSettings = {
				ALWAYS_SEARCH_USER_PATHS = NO;
				ARCHS = arm64;
				COMBINE_HIDPI_IMAGES = YES;
				CONFIGURATION_BUILD_DIR = "/Users/huyprowow/Documents/Vulkan_practice/Vulkan_BaseSetup_test/build_xcode_ios/MinSizeRel${EFFECTIVE_PLATFORM_NAME}";
				EXECUTABLE_PREFIX = "";
				EXECUTABLE_SUFFIX = "";
				FRAMEWORK_SEARCH_PATHS = (/Users/huyprowow/VulkanSDK/1.4.341.1/iOS/lib,"$(inherited)");
				GCC_GENERATE_DEBUGGING_SYMBOLS = NO;
				GCC_INLINES_ARE_PRIVATE_EXTERN = NO;
				GCC_OPTIMIZATION_LEVEL = s;
				GCC_PREPROCESSOR_DEFINITIONS = ("'CMAKE_INTDIR=\"$(CONFIGURATION)$(EFFECTIVE_PLATFORM_NAME)\"'","'VULKAN_LEARN_IOS=1'","'VULKAN_HPP_DISPATCH_LOADER_DYNAMIC=1'","'VULKAN_HPP_NO_STRUCT_CONSTRUCTORS=1'",TINYGLTF_IMPLEMENTATION,TINYGLTF_NO_EXTERNAL_IMAGE,TINYGLTF_NO_STB_IMAGE,TINYGLTF_NO_STB_IMAGE_WRITE,KHRONOS_STATIC,KTX_FEATURE_KTX1,KTX_FEATURE_KTX2,KTX_FEATURE_WRITE,"$(inherited)");
				GCC_SYMBOLS_PRIVATE_EXTERN = NO;
				HEADER_SEARCH_PATHS = (/Users/huyprowow/Documents/Vulkan_practice/Vulkan_BaseSetup_test,"$(inherited)");
				INFOPLIST_FILE = /Users/huyprowow/Documents/Vulkan_practice/Vulkan_BaseSetup_test/build_xcode_ios/CMakeFiles/Vulkan_Learn.dir/Info.plist;
				INSTALL_PATH = "";
				IPHONEOS_DEPLOYMENT_TARGET = 13.0;
				LD_RUNPATH_SEARCH_PATHS = (/Users/huyprowow/VulkanSDK/1.4.341.1/iOS/lib,"$(inherited)");
				ONLY_ACTIVE_ARCH = NO;
				OTHER_CPLUSPLUSFLAGS = "    -DNDEBUG '-std=gnu++20' ";
				OTHER_LDFLAGS = (" -Wl,-headerpad_max_install_names","-framework vulkan","-framework Metal","-framework QuartzCore","-framework UIKit","-framework Foundation","/Users/huyprowow/Documents/Vulkan_practice/Vulkan_BaseSetup_test/build_xcode_ios/vcpkg_installed/arm64-ios/lib/libktx.a",/Users/huyprowow/VulkanSDK/1.4.341.1/iOS/lib/vulkan.framework/vulkan,"/Users/huyprowow/Documents/Vulkan_practice/Vulkan_BaseSetup_test/build_xcode_ios/vcpkg_installed/arm64-ios/lib/libzstd.a","$(inherited)");
				OTHER_REZFLAGS = "";
				PRODUCT_BUNDLE_IDENTIFIER = com.huyprowow.VulkanLearn;
				PRODUCT_NAME = Vulkan_Learn;
				SECTORDER_FLAGS = "";
				SYSTEM_HEADER_SEARCH_PATHS = (/Users/huyprowow/VulkanSDK/1.4.341.1/iOS/../macOS/include,"/Users/huyprowow/Documents/Vulkan_practice/Vulkan_BaseSetup_test/build_xcode_ios/vcpkg_installed/arm64-ios/include","$(inherited)");
				TARGETED_DEVICE_FAMILY = "1,2";
				TARGET_TEMP_DIR = "/Users/huyprowow/Documents/Vulkan_practice/Vulkan_BaseSetup_test/build_xcode_ios/build/Vulkan_Learn.build/$(CONFIGURATION)$(EFFECTIVE_PLATFORM_NAME)";
				USE_HEADERMAP = NO;
				WARNING_CFLAGS = ("$(inherited)");
			};
			name = MinSizeRel;
		};
		9630A569B74C4C68A1014459 /* RelWithDebInfo */ = {
			isa = XCBuildConfiguration;
			buildSettings = {
				ALWAYS_SEARCH_USER_PATHS = NO;
				COMBINE_HIDPI_IMAGES = YES;
				GCC_GENERATE_DEBUGGING_SYMBOLS = YES;
				GCC_INLINES_ARE_PRIVATE_EXTERN = NO;
				GCC_OPTIMIZATION_LEVEL = 0;
				GCC_PREPROCESSOR_DEFINITIONS = ("'CMAKE_INTDIR=\"$(CONFIGURATION)$(EFFECTIVE_PLATFORM_NAME)\"'","$(inherited)");
				GCC_SYMBOLS_PRIVATE_EXTERN = NO;
				INSTALL_PATH = "";
				OTHER_LDFLAGS = ("","$(inherited)");
				OTHER_REZFLAGS = "";
				PRODUCT_NAME = Vulkan_Learn_shader;
				SECTORDER_FLAGS = "";
				USE_HEADERMAP = NO;
				WARNING_CFLAGS = ("$(inherited)");
			};
			name = RelWithDebInfo;
		};
		9868583792FA4C9E8214D1E3 /* Debug */ = {
			isa = XCBuildConfiguration;
			buildSettings = {
				ALWAYS_SEARCH_USER_PATHS = NO;
				ARCHS = arm64;
				COMBINE_HIDPI_IMAGES = YES;
				CONFIGURATION_BUILD_DIR = "/Users/huyprowow/Documents/Vulkan_practice/Vulkan_BaseSetup_test/build_xcode_ios/Debug${EFFECTIVE_PLATFORM_NAME}";
				EXECUTABLE_PREFIX = "";
				EXECUTABLE_SUFFIX = "";
				FRAMEWORK_SEARCH_PATHS = (/Users/huyprowow/VulkanSDK/1.4.341.1/iOS/lib,"$(inherited)");
				GCC_GENERATE_DEBUGGING_SYMBOLS = YES;
				GCC_INLINES_ARE_PRIVATE_EXTERN = NO;
				GCC_OPTIMIZATION_LEVEL = 0;
				GCC_PREPROCESSOR_DEFINITIONS = ("'CMAKE_INTDIR=\"$(CONFIGURATION)$(EFFECTIVE_PLATFORM_NAME)\"'","'VULKAN_LEARN_IOS=1'","'VULKAN_HPP_DISPATCH_LOADER_DYNAMIC=1'","'VULKAN_HPP_NO_STRUCT_CONSTRUCTORS=1'",TINYGLTF_IMPLEMENTATION,TINYGLTF_NO_EXTERNAL_IMAGE,TINYGLTF_NO_STB_IMAGE,TINYGLTF_NO_STB_IMAGE_WRITE,_DEBUG,DEBUG,KHRONOS_STATIC,KTX_FEATURE_KTX1,KTX_FEATURE_KTX2,KTX_FEATURE_WRITE,"$(inherited)");
				GCC_SYMBOLS_PRIVATE_EXTERN = NO;
				HEADER_SEARCH_PATHS = (/Users/huyprowow/Documents/Vulkan_practice/Vulkan_BaseSetup_test,"$(inherited)");
				INFOPLIST_FILE = /Users/huyprowow/Documents/Vulkan_practice/Vulkan_BaseSetup_test/build_xcode_ios/CMakeFiles/Vulkan_Learn.dir/Info.plist;
				INSTALL_PATH = "";
				IPHONEOS_DEPLOYMENT_TARGET = 13.0;
				LD_RUNPATH_SEARCH_PATHS = (/Users/huyprowow/VulkanSDK/1.4.341.1/iOS/lib,"$(inherited)");
				ONLY_ACTIVE_ARCH = NO;
				OTHER_CPLUSPLUSFLAGS = "   '-std=gnu++20' ";
				OTHER_LDFLAGS = (" -Wl,-headerpad_max_install_names","-framework vulkan","-framework Metal","-framework QuartzCore","-framework UIKit","-framework Foundation","/Users/huyprowow/Documents/Vulkan_practice/Vulkan_BaseSetup_test/build_xcode_ios/vcpkg_installed/arm64-ios/debug/lib/libktx.a",/Users/huyprowow/VulkanSDK/1.4.341.1/iOS/lib/vulkan.framework/vulkan,"/Users/huyprowow/Documents/Vulkan_practice/Vulkan_BaseSetup_test/build_xcode_ios/vcpkg_installed/arm64-ios/debug/lib/libzstd.a","$(inherited)");
				OTHER_REZFLAGS = "";
				PRODUCT_BUNDLE_IDENTIFIER = com.huyprowow.VulkanLearn;
				PRODUCT_NAME = Vulkan_Learn;
				SECTORDER_FLAGS = "";
				SYSTEM_HEADER_SEARCH_PATHS = (/Users/huyprowow/VulkanSDK/1.4.341.1/iOS/../macOS/include,"/Users/huyprowow/Documents/Vulkan_practice/Vulkan_BaseSetup_test/build_xcode_ios/vcpkg_installed/arm64-ios/include","$(inherited)");
				TARGETED_DEVICE_FAMILY = "1,2";
				TARGET_TEMP_DIR = "/Users/huyprowow/Documents/Vulkan_practice/Vulkan_BaseSetup_test/build_xcode_ios/build/Vulkan_Learn.build/$(CONFIGURATION)$(EFFECTIVE_PLATFORM_NAME)";
				USE_HEADERMAP = NO;
				WARNING_CFLAGS = ("$(inherited)");
			};
			name = Debug;
		};
		A08D8E86B38F471F91B8E1E8 /* Release */ = {
			isa = XCBuildConfiguration;
			buildSettings = {
				ARCHS = arm64;
				IPHONEOS_DEPLOYMENT_TARGET = 13.0;
				SDKROOT = iphoneos;
				SWIFT_COMPILATION_MODE = wholemodule;
				SYMROOT = /Users/huyprowow/Documents/Vulkan_practice/Vulkan_BaseSetup_test/build_xcode_ios/build;
			};
			name = Release;
		};
		A85C77EE2B784EA6AE6E5887 /* RelWithDebInfo */ = {
			isa = XCBuildConfiguration;
			buildSettings = {
				ALWAYS_SEARCH_USER_PATHS = NO;
				COMBINE_HIDPI_IMAGES = YES;
				GCC_GENERATE_DEBUGGING_SYMBOLS = YES;
				GCC_INLINES_ARE_PRIVATE_EXTERN = NO;
				GCC_OPTIMIZATION_LEVEL = 0;
				GCC_PREPROCESSOR_DEFINITIONS = ("'CMAKE_INTDIR=\"$(CONFIGURATION)$(EFFECTIVE_PLATFORM_NAME)\"'","$(inherited)");
				GCC_SYMBOLS_PRIVATE_EXTERN = NO;
				INSTALL_PATH = "";
				OTHER_LDFLAGS = ("","$(inherited)");
				OTHER_REZFLAGS = "";
				PRODUCT_NAME = ZERO_CHECK;
				SECTORDER_FLAGS = "";
				USE_HEADERMAP = NO;
				WARNING_CFLAGS = ("$(inherited)");
			};
			name = RelWithDebInfo;
		};
		F330EC07ABDE40049B9AD839 /* RelWithDebInfo */ = {
			isa = XCBuildConfiguration;
			buildSettings = {
				ALWAYS_SEARCH_USER_PATHS = NO;
				ARCHS = arm64;
				COMBINE_HIDPI_IMAGES = YES;
				CONFIGURATION_BUILD_DIR = "/Users/huyprowow/Documents/Vulkan_practice/Vulkan_BaseSetup_test/build_xcode_ios/RelWithDebInfo${EFFECTIVE_PLATFORM_NAME}";
				EXECUTABLE_PREFIX = "";
				EXECUTABLE_SUFFIX = "";
				FRAMEWORK_SEARCH_PATHS = (/Users/huyprowow/VulkanSDK/1.4.341.1/iOS/lib,"$(inherited)");
				GCC_GENERATE_DEBUGGING_SYMBOLS = YES;
				GCC_INLINES_ARE_PRIVATE_EXTERN = NO;
				GCC_OPTIMIZATION_LEVEL = 2;
				GCC_PREPROCESSOR_DEFINITIONS = ("'CMAKE_INTDIR=\"$(CONFIGURATION)$(EFFECTIVE_PLATFORM_NAME)\"'","'VULKAN_LEARN_IOS=1'","'VULKAN_HPP_DISPATCH_LOADER_DYNAMIC=1'","'VULKAN_HPP_NO_STRUCT_CONSTRUCTORS=1'",TINYGLTF_IMPLEMENTATION,TINYGLTF_NO_EXTERNAL_IMAGE,TINYGLTF_NO_STB_IMAGE,TINYGLTF_NO_STB_IMAGE_WRITE,KHRONOS_STATIC,KTX_FEATURE_KTX1,KTX_FEATURE_KTX2,KTX_FEATURE_WRITE,"$(inherited)");
				GCC_SYMBOLS_PRIVATE_EXTERN = NO;
				HEADER_SEARCH_PATHS = (/Users/huyprowow/Documents/Vulkan_practice/Vulkan_BaseSetup_test,"$(inherited)");
				INFOPLIST_FILE = /Users/huyprowow/Documents/Vulkan_practice/Vulkan_BaseSetup_test/build_xcode_ios/CMakeFiles/Vulkan_Learn.dir/Info.plist;
				INSTALL_PATH = "";
				IPHONEOS_DEPLOYMENT_TARGET = 13.0;
				LD_RUNPATH_SEARCH_PATHS = (/Users/huyprowow/VulkanSDK/1.4.341.1/iOS/lib,"$(inherited)");
				ONLY_ACTIVE_ARCH = NO;
				OTHER_CPLUSPLUSFLAGS = "       -DNDEBUG '-std=gnu++20' ";
				OTHER_LDFLAGS = (" -Wl,-headerpad_max_install_names","-framework vulkan","-framework Metal","-framework QuartzCore","-framework UIKit","-framework Foundation","/Users/huyprowow/Documents/Vulkan_practice/Vulkan_BaseSetup_test/build_xcode_ios/vcpkg_installed/arm64-ios/lib/libktx.a",/Users/huyprowow/VulkanSDK/1.4.341.1/iOS/lib/vulkan.framework/vulkan,"/Users/huyprowow/Documents/Vulkan_practice/Vulkan_BaseSetup_test/build_xcode_ios/vcpkg_installed/arm64-ios/lib/libzstd.a","$(inherited)");
				OTHER_REZFLAGS = "";
				PRODUCT_BUNDLE_IDENTIFIER = com.huyprowow.VulkanLearn;
				PRODUCT_NAME = Vulkan_Learn;
				SECTORDER_FLAGS = "";
				SYSTEM_HEADER_SEARCH_PATHS = (/Users/huyprowow/VulkanSDK/1.4.341.1/iOS/../macOS/include,"/Users/huyprowow/Documents/Vulkan_practice/Vulkan_BaseSetup_test/build_xcode_ios/vcpkg_installed/arm64-ios/include","$(inherited)");
				TARGETED_DEVICE_FAMILY = "1,2";
				TARGET_TEMP_DIR = "/Users/huyprowow/Documents/Vulkan_practice/Vulkan_BaseSetup_test/build_xcode_ios/build/Vulkan_Learn.build/$(CONFIGURATION)$(EFFECTIVE_PLATFORM_NAME)";
				USE_HEADERMAP = NO;
				WARNING_CFLAGS = ("$(inherited)");
			};
			name = RelWithDebInfo;
		};
		F56AC974D6BA4548A6D03732 /* Debug */ = {
			isa = XCBuildConfiguration;
			buildSettings = {
				ALWAYS_SEARCH_USER_PATHS = NO;
				COMBINE_HIDPI_IMAGES = YES;
				GCC_GENERATE_DEBUGGING_SYMBOLS = YES;
				GCC_INLINES_ARE_PRIVATE_EXTERN = NO;
				GCC_OPTIMIZATION_LEVEL = 0;
				GCC_PREPROCESSOR_DEFINITIONS = ("'CMAKE_INTDIR=\"$(CONFIGURATION)$(EFFECTIVE_PLATFORM_NAME)\"'","$(inherited)");
				GCC_SYMBOLS_PRIVATE_EXTERN = NO;
				INSTALL_PATH = "";
				OTHER_LDFLAGS = ("","$(inherited)");
				OTHER_REZFLAGS = "";
				PRODUCT_NAME = Vulkan_Learn_shader;
				SECTORDER_FLAGS = "";
				USE_HEADERMAP = NO;
				WARNING_CFLAGS = ("$(inherited)");
			};
			name = Debug;
		};
		F83F645E9B3244DE82187259 /* Release */ = {
			isa = XCBuildConfiguration;
			buildSettings = {
				ALWAYS_SEARCH_USER_PATHS = NO;
				COMBINE_HIDPI_IMAGES = YES;
				GCC_GENERATE_DEBUGGING_SYMBOLS = YES;
				GCC_INLINES_ARE_PRIVATE_EXTERN = NO;
				GCC_OPTIMIZATION_LEVEL = 0;
				GCC_PREPROCESSOR_DEFINITIONS = ("'CMAKE_INTDIR=\"$(CONFIGURATION)$(EFFECTIVE_PLATFORM_NAME)\"'","$(inherited)");
				GCC_SYMBOLS_PRIVATE_EXTERN = NO;
				INSTALL_PATH = "";
				OTHER_LDFLAGS = ("","$(inherited)");
				OTHER_REZFLAGS = "";
				PRODUCT_NAME = ZERO_CHECK;
				SECTORDER_FLAGS = "";
				USE_HEADERMAP = NO;
				WARNING_CFLAGS = ("$(inherited)");
			};
			name = Release;
		};
		FF6863A1E0C24255BC1192E4 /* MinSizeRel */ = {
			isa = XCBuildConfiguration;
			buildSettings = {
				ALWAYS_SEARCH_USER_PATHS = NO;
				COMBINE_HIDPI_IMAGES = YES;
				GCC_GENERATE_DEBUGGING_SYMBOLS = YES;
				GCC_INLINES_ARE_PRIVATE_EXTERN = NO;
				GCC_OPTIMIZATION_LEVEL = 0;
				GCC_PREPROCESSOR_DEFINITIONS = ("'CMAKE_INTDIR=\"$(CONFIGURATION)$(EFFECTIVE_PLATFORM_NAME)\"'","$(inherited)");
				GCC_SYMBOLS_PRIVATE_EXTERN = NO;
				INSTALL_PATH = "";
				OTHER_LDFLAGS = ("","$(inherited)");
				OTHER_REZFLAGS = "";
				PRODUCT_NAME = ALL_BUILD;
				SECTORDER_FLAGS = "";
				USE_HEADERMAP = NO;
				WARNING_CFLAGS = ("$(inherited)");
			};
			name = MinSizeRel;
		};
/* End XCBuildConfiguration section */

/* Begin XCConfigurationList section */
		0767FE3E23904EE9906E44CA /* Build configuration list for PBXAggregateTarget "ZERO_CHECK" */ = {
			isa = XCConfigurationList;
			buildConfigurations = (
				250024ACEC6E4F92AF3DF397 /* Debug */,
				F83F645E9B3244DE82187259 /* Release */,
				0AFD7D6A8EC1459198327A0F /* MinSizeRel */,
				A85C77EE2B784EA6AE6E5887 /* RelWithDebInfo */,
			);
			defaultConfigurationIsVisible = 0;
			defaultConfigurationName = Debug;
		};
		66DFF933C376442CA80C13DA /* Build configuration list for PBXAggregateTarget "ALL_BUILD" */ = {
			isa = XCConfigurationList;
			buildConfigurations = (
				886F02A528934EE4B44696EA /* Debug */,
				84B50237779C4BAEB7DC9EB6 /* Release */,
				FF6863A1E0C24255BC1192E4 /* MinSizeRel */,
				6EF497647F5745D2B0EBFC8E /* RelWithDebInfo */,
			);
			defaultConfigurationIsVisible = 0;
			defaultConfigurationName = Debug;
		};
		A43E6E04513F4B9AB7C4D2B7 /* Build configuration list for PBXProject "Vulkan_Learn" */ = {
			isa = XCConfigurationList;
			buildConfigurations = (
				56CF1AA1389442B7800495D7 /* Debug */,
				A08D8E86B38F471F91B8E1E8 /* Release */,
				6403FEDD284E4F8EB784FCAC /* MinSizeRel */,
				6B2179DC7EFE446D86BBB92B /* RelWithDebInfo */,
			);
			defaultConfigurationIsVisible = 0;
			defaultConfigurationName = Debug;
		};
		C3B4F1931FE342C8824C48AF /* Build configuration list for PBXNativeTarget "Vulkan_Learn" */ = {
			isa = XCConfigurationList;
			buildConfigurations = (
				9868583792FA4C9E8214D1E3 /* Debug */,
				5502A2E6392A4774BD972DAE /* Release */,
				925EF2C02A6A4D0A93E53B99 /* MinSizeRel */,
				F330EC07ABDE40049B9AD839 /* RelWithDebInfo */,
			);
			defaultConfigurationIsVisible = 0;
			defaultConfigurationName = Debug;
		};
		E11DBB61368943349004EDD9 /* Build configuration list for PBXAggregateTarget "Vulkan_Learn_shader" */ = {
			isa = XCConfigurationList;
			buildConfigurations = (
				F56AC974D6BA4548A6D03732 /* Debug */,
				4C5113A1457F438A980675F4 /* Release */,
				8B14C7604130401A94D8E32C /* MinSizeRel */,
				9630A569B74C4C68A1014459 /* RelWithDebInfo */,
			);
			defaultConfigurationIsVisible = 0;
			defaultConfigurationName = Debug;
		};
/* End XCConfigurationList section */
	};
	rootObject = 97C3539909EA4948869DFF7F /* Project object */;
}
